
Microsoft Visual Studio Solution File, Format Version 12.00
# Visual Studio Version 17
VisualStudioVersion = 17.7.34221.43
MinimumVisualStudioVersion = 10.0.40219.1
Project("{2150E333-8FDC-42A3-9474-1A3956D46DE8}") = "Common", "Common", "{E48BBCB6-6BEA-4D1C-9A65-983ACA46672C}"
EndProject
Project("{2150E333-8FDC-42A3-9474-1A3956D46DE8}") = "Application", "Application", "{C894BAC3-19CF-4A8F-A42D-FE765416A3CB}"
EndProject
Project("{2150E333-8FDC-42A3-9474-1A3956D46DE8}") = "Domain", "Domain", "{48C83EB9-847C-4901-840D-245E902683B9}"
EndProject
Project("{2150E333-8FDC-42A3-9474-1A3956D46DE8}") = "Infrastructure", "Infrastructure", "{4A1F2330-D9B8-4E3C-811B-B6F49C106850}"
EndProject
Project("{2150E333-8FDC-42A3-9474-1A3956D46DE8}") = "WebApi", "WebApi", "{AF7A0D62-0CA0-471B-B6A3-A179B8D33E16}"
EndProject
Project("{2150E333-8FDC-42A3-9474-1A3956D46DE8}") = "UnitTest", "UnitTest", "{F89C1A7D-78CB-431C-964B-21428CDEB646}"
EndProject
Project("{2150E333-8FDC-42A3-9474-1A3956D46DE8}") = "IntegrationTest", "IntegrationTest", "{582F7F4F-3A7D-40F0-A103-57927C8A4D0C}"
EndProject
Project("{E53339B2-1760-4266-BCC7-CA923CBCF16C}") = "docker-compose", "docker-compose.dcproj", "{04ADFFE8-FB67-45AC-8966-6FE1F34CF248}"
EndProject
Project("{9A19103F-16F7-4668-BE54-9A1E7A4F7556}") = "WebApi", "src\WebApi\WebApi.csproj", "{F2FA70B0-9EB8-42F9-82C6-800BF07D929A}"
EndProject
Project("{9A19103F-16F7-4668-BE54-9A1E7A4F7556}") = "Infrastructure", "src\Infrastructure\Infrastructure.csproj", "{B364A164-924B-4AE0-83F5-EE9BBB373977}"
EndProject
Project("{9A19103F-16F7-4668-BE54-9A1E7A4F7556}") = "Application", "src\Application\Application.csproj", "{CE42924F-9C5A-41DE-A754-BE6471441C1C}"
EndProject
Project("{9A19103F-16F7-4668-BE54-9A1E7A4F7556}") = "Common", "src\Common\Common.csproj", "{8FAB9FF0-79FB-4A9C-AEFC-294166028A21}"
EndProject
Project("{9A19103F-16F7-4668-BE54-9A1E7A4F7556}") = "Domain", "src\Domain\Domain.csproj", "{A5C2EBDD-DC14-477C-805F-0F1E6B1F159F}"
EndProject
Project("{9A19103F-16F7-4668-BE54-9A1E7A4F7556}") = "IntegrationTest", "src\IntegrationTest\IntegrationTest.csproj", "{ED853926-5DAC-4D52-8F6E-1D9BB401AD8B}"
EndProject
Project("{9A19103F-16F7-4668-BE54-9A1E7A4F7556}") = "UnitTest", "src\UnitTest\UnitTest.csproj", "{B11CB38E-74F0-4784-9785-B22275B5EAA7}"
EndProject
Global
	GlobalSection(SolutionConfigurationPlatforms) = preSolution
		Debug|Any CPU = Debug|Any CPU
		Release|Any CPU = Release|Any CPU
	EndGlobalSection
	GlobalSection(ProjectConfigurationPlatforms) = postSolution
		{04ADFFE8-FB67-45AC-8966-6FE1F34CF248}.Debug|Any CPU.ActiveCfg = Debug|Any CPU
		{04ADFFE8-FB67-45AC-8966-6FE1F34CF248}.Debug|Any CPU.Build.0 = Debug|Any CPU
		{04ADFFE8-FB67-45AC-8966-6FE1F34CF248}.Release|Any CPU.ActiveCfg = Release|Any CPU
		{04ADFFE8-FB67-45AC-8966-6FE1F34CF248}.Release|Any CPU.Build.0 = Release|Any CPU
		{F2FA70B0-9EB8-42F9-82C6-800BF07D929A}.Debug|Any CPU.ActiveCfg = Debug|Any CPU
		{F2FA70B0-9EB8-42F9-82C6-800BF07D929A}.Debug|Any CPU.Build.0 = Debug|Any CPU
		{F2FA70B0-9EB8-42F9-82C6-800BF07D929A}.Release|Any CPU.ActiveCfg = Release|Any CPU
		{F2FA70B0-9EB8-42F9-82C6-800BF07D929A}.Release|Any CPU.Build.0 = Release|Any CPU
		{B364A164-924B-4AE0-83F5-EE9BBB373977}.Debug|Any CPU.ActiveCfg = Debug|Any CPU
		{B364A164-924B-4AE0-83F5-EE9BBB373977}.Debug|Any CPU.Build.0 = Debug|Any CPU
		{B364A164-924B-4AE0-83F5-EE9BBB373977}.Release|Any CPU.ActiveCfg = Release|Any CPU
		{B364A164-924B-4AE0-83F5-EE9BBB373977}.Release|Any CPU.Build.0 = Release|Any CPU
		{CE42924F-9C5A-41DE-A754-BE6471441C1C}.Debug|Any CPU.ActiveCfg = Debug|Any CPU
		{CE42924F-9C5A-41DE-A754-BE6471441C1C}.Debug|Any CPU.Build.0 = Debug|Any CPU
		{CE42924F-9C5A-41DE-A754-BE6471441C1C}.Release|Any CPU.ActiveCfg = Release|Any CPU
		{CE42924F-9C5A-41DE-A754-BE6471441C1C}.Release|Any CPU.Build.0 = Release|Any CPU
		{8FAB9FF0-79FB-4A9C-AEFC-294166028A21}.Debug|Any CPU.ActiveCfg = Debug|Any CPU
		{8FAB9FF0-79FB-4A9C-AEFC-294166028A21}.Debug|Any CPU.Build.0 = Debug|Any CPU
		{8FAB9FF0-79FB-4A9C-AEFC-294166028A21}.Release|Any CPU.ActiveCfg = Release|Any CPU
		{8FAB9FF0-79FB-4A9C-AEFC-294166028A21}.Release|Any CPU.Build.0 = Release|Any CPU
		{A5C2EBDD-DC14-477C-805F-0F1E6B1F159F}.Debug|Any CPU.ActiveCfg = Debug|Any CPU
		{A5C2EBDD-DC14-477C-805F-0F1E6B1F159F}.Debug|Any CPU.Build.0 = Debug|Any CPU
		{A5C2EBDD-DC14-477C-805F-0F1E6B1F159F}.Release|Any CPU.ActiveCfg = Release|Any CPU
		{A5C2EBDD-DC14-477C-805F-0F1E6B1F159F}.Release|Any CPU.Build.0 = Release|Any CPU
		{ED853926-5DAC-4D52-8F6E-1D9BB401AD8B}.Debug|Any CPU.ActiveCfg = Debug|Any CPU
		{ED853926-5DAC-4D52-8F6E-1D9BB401AD8B}.Debug|Any CPU.Build.0 = Debug|Any CPU
		{ED853926-5DAC-4D52-8F6E-1D9BB401AD8B}.Release|Any CPU.ActiveCfg = Release|Any CPU
		{ED853926-5DAC-4D52-8F6E-1D9BB401AD8B}.Release|Any CPU.Build.0 = Release|Any CPU
		{B11CB38E-74F0-4784-9785-B22275B5EAA7}.Debug|Any CPU.ActiveCfg = Debug|Any CPU
		{B11CB38E-74F0-4784-9785-B22275B5EAA7}.Debug|Any CPU.Build.0 = Debug|Any CPU
		{B11CB38E-74F0-4784-9785-B22275B5EAA7}.Release|Any CPU.ActiveCfg = Release|Any CPU
		{B11CB38E-74F0-4784-9785-B22275B5EAA7}.Release|Any CPU.Build.0 = Release|Any CPU
	EndGlobalSection
	GlobalSection(SolutionProperties) = preSolution
		HideSolutionNode = FALSE
	EndGlobalSection
	GlobalSection(NestedProjects) = preSolution
		{F2FA70B0-9EB8-42F9-82C6-800BF07D929A} = {AF7A0D62-0CA0-471B-B6A3-A179B8D33E16}
		{B364A164-924B-4AE0-83F5-EE9BBB373977} = {4A1F2330-D9B8-4E3C-811B-B6F49C106850}
		{CE42924F-9C5A-41DE-A754-BE6471441C1C} = {C894BAC3-19CF-4A8F-A42D-FE765416A3CB}
		{8FAB9FF0-79FB-4A9C-AEFC-294166028A21} = {E48BBCB6-6BEA-4D1C-9A65-983ACA46672C}
		{A5C2EBDD-DC14-477C-805F-0F1E6B1F159F} = {48C83EB9-847C-4901-840D-245E902683B9}
		{ED853926-5DAC-4D52-8F6E-1D9BB401AD8B} = {582F7F4F-3A7D-40F0-A103-57927C8A4D0C}
		{B11CB38E-74F0-4784-9785-B22275B5EAA7} = {F89C1A7D-78CB-431C-964B-21428CDEB646}
	EndGlobalSection
	GlobalSection(ExtensibilityGlobals) = postSolution
		SolutionGuid = {4F8DA653-31E6-4618-91FC-4F686FEFE62A}
	EndGlobalSection
EndGlobal
